
Microsoft Visual Studio Solution File, Format Version 12.00
# Visual Studio Version 17
VisualStudioVersion = 17.1.32319.34
MinimumVisualStudioVersion = 10.0.40219.1
Project("{9A19103F-16F7-4668-BE54-9A1E7A4F7556}") = "GreenUp.Web.Mvc", "GreenUp.Web.Mvc\GreenUp.Web.Mvc.csproj", "{FB7BF345-7A60-4C53-96D3-671C97F899C6}"
EndProject
Project("{9A19103F-16F7-4668-BE54-9A1E7A4F7556}") = "GreenUp.Application", "GreenUp.Application\GreenUp.Application.csproj", "{816A7AD4-7353-430E-B99C-F154DE56EDCC}"
EndProject
Project("{9A19103F-16F7-4668-BE54-9A1E7A4F7556}") = "GreenUp.Core", "GreenUp.Core\GreenUp.Core.csproj", "{43483175-7234-4C4A-ABF8-8AED81B42CFE}"
EndProject
Project("{9A19103F-16F7-4668-BE54-9A1E7A4F7556}") = "GreenUp.EntityFrameworkCore", "GreenUp.EntityFrameworkCore\GreenUp.EntityFrameworkCore.csproj", "{0E0CA4D2-4E08-442F-89E1-B32E290D1B2A}"
EndProject
Project("{9A19103F-16F7-4668-BE54-9A1E7A4F7556}") = "GreenUp.Web.Core", "GreenUp.Web.Core\GreenUp.Web.Core.csproj", "{F800CB8F-F777-4B83-B855-4F4DFE6D78EB}"
EndProject
Global
	GlobalSection(SolutionConfigurationPlatforms) = preSolution
		Debug|Any CPU = Debug|Any CPU
		Release|Any CPU = Release|Any CPU
	EndGlobalSection
	GlobalSection(ProjectConfigurationPlatforms) = postSolution
		{FB7BF345-7A60-4C53-96D3-671C97F899C6}.Debug|Any CPU.ActiveCfg = Debug|Any CPU
		{FB7BF345-7A60-4C53-96D3-671C97F899C6}.Debug|Any CPU.Build.0 = Debug|Any CPU
		{FB7BF345-7A60-4C53-96D3-671C97F899C6}.Release|Any CPU.ActiveCfg = Release|Any CPU
		{FB7BF345-7A60-4C53-96D3-671C97F899C6}.Release|Any CPU.Build.0 = Release|Any CPU
		{816A7AD4-7353-430E-B99C-F154DE56EDCC}.Debug|Any CPU.ActiveCfg = Debug|Any CPU
		{816A7AD4-7353-430E-B99C-F154DE56EDCC}.Debug|Any CPU.Build.0 = Debug|Any CPU
		{816A7AD4-7353-430E-B99C-F154DE56EDCC}.Release|Any CPU.ActiveCfg = Release|Any CPU
		{816A7AD4-7353-430E-B99C-F154DE56EDCC}.Release|Any CPU.Build.0 = Release|Any CPU
		{43483175-7234-4C4A-ABF8-8AED81B42CFE}.Debug|Any CPU.ActiveCfg = Debug|Any CPU
		{43483175-7234-4C4A-ABF8-8AED81B42CFE}.Debug|Any CPU.Build.0 = Debug|Any CPU
		{43483175-7234-4C4A-ABF8-8AED81B42CFE}.Release|Any CPU.ActiveCfg = Release|Any CPU
		{43483175-7234-4C4A-ABF8-8AED81B42CFE}.Release|Any CPU.Build.0 = Release|Any CPU
		{0E0CA4D2-4E08-442F-89E1-B32E290D1B2A}.Debug|Any CPU.ActiveCfg = Debug|Any CPU
		{0E0CA4D2-4E08-442F-89E1-B32E290D1B2A}.Debug|Any CPU.Build.0 = Debug|Any CPU
		{0E0CA4D2-4E08-442F-89E1-B32E290D1B2A}.Release|Any CPU.ActiveCfg = Release|Any CPU
		{0E0CA4D2-4E08-442F-89E1-B32E290D1B2A}.Release|Any CPU.Build.0 = Release|Any CPU
		{F800CB8F-F777-4B83-B855-4F4DFE6D78EB}.Debug|Any CPU.ActiveCfg = Debug|Any CPU
		{F800CB8F-F777-4B83-B855-4F4DFE6D78EB}.Debug|Any CPU.Build.0 = Debug|Any CPU
		{F800CB8F-F777-4B83-B855-4F4DFE6D78EB}.Release|Any CPU.ActiveCfg = Release|Any CPU
		{F800CB8F-F777-4B83-B855-4F4DFE6D78EB}.Release|Any CPU.Build.0 = Release|Any CPU
	EndGlobalSection
	GlobalSection(SolutionProperties) = preSolution
		HideSolutionNode = FALSE
	EndGlobalSection
	GlobalSection(ExtensibilityGlobals) = postSolution
		SolutionGuid = {BAAF6F6F-C1F3-49C4-BDD4-899BDE5CD474}
	EndGlobalSection
EndGlobal
